
Microsoft Visual Studio Solution File, Format Version 12.00
# Visual Studio Version 16
VisualStudioVersion = 16.0.30225.117
MinimumVisualStudioVersion = 10.0.40219.1
Project("{9A19103F-16F7-4668-BE54-9A1E7A4F7556}") = "ERCS", "ERCS\ERCS.csproj", "{F60CBF27-5D68-419E-9A9D-CB414193786E}"
EndProject
Project("{9A19103F-16F7-4668-BE54-9A1E7A4F7556}") = "ERCS.Model", "ERCS.Model\ERCS.Model.csproj", "{310169CE-7EC2-41B8-BEF3-BA0DD70FE44B}"
EndProject
Project("{9A19103F-16F7-4668-BE54-9A1E7A4F7556}") = "ERCS.DataAccess", "ERCS.DataAccess\ERCS.DataAccess.csproj", "{37B9DA3C-A9BF-482A-ACDD-54DE4F960EC2}"
EndProject
Project("{9A19103F-16F7-4668-BE54-9A1E7A4F7556}") = "ERCS.ViewModel", "ERCS.ViewModel\ERCS.ViewModel.csproj", "{F3EE931E-3B09-4514-8496-ECFE68EDF8E8}"
EndProject
Project("{9A19103F-16F7-4668-BE54-9A1E7A4F7556}") = "ERCS.Test", "ERCS.Test\ERCS.Test.csproj", "{F6412067-DDA4-4C62-9F28-B54D9EB24A93}"
EndProject
Global
	GlobalSection(SolutionConfigurationPlatforms) = preSolution
		Debug|Any CPU = Debug|Any CPU
		Release|Any CPU = Release|Any CPU
	EndGlobalSection
	GlobalSection(ProjectConfigurationPlatforms) = postSolution
		{F60CBF27-5D68-419E-9A9D-CB414193786E}.Debug|Any CPU.ActiveCfg = Debug|Any CPU
		{F60CBF27-5D68-419E-9A9D-CB414193786E}.Debug|Any CPU.Build.0 = Debug|Any CPU
		{F60CBF27-5D68-419E-9A9D-CB414193786E}.Release|Any CPU.ActiveCfg = Release|Any CPU
		{F60CBF27-5D68-419E-9A9D-CB414193786E}.Release|Any CPU.Build.0 = Release|Any CPU
		{310169CE-7EC2-41B8-BEF3-BA0DD70FE44B}.Debug|Any CPU.ActiveCfg = Debug|Any CPU
		{310169CE-7EC2-41B8-BEF3-BA0DD70FE44B}.Debug|Any CPU.Build.0 = Debug|Any CPU
		{310169CE-7EC2-41B8-BEF3-BA0DD70FE44B}.Release|Any CPU.ActiveCfg = Release|Any CPU
		{310169CE-7EC2-41B8-BEF3-BA0DD70FE44B}.Release|Any CPU.Build.0 = Release|Any CPU
		{37B9DA3C-A9BF-482A-ACDD-54DE4F960EC2}.Debug|Any CPU.ActiveCfg = Debug|Any CPU
		{37B9DA3C-A9BF-482A-ACDD-54DE4F960EC2}.Debug|Any CPU.Build.0 = Debug|Any CPU
		{37B9DA3C-A9BF-482A-ACDD-54DE4F960EC2}.Release|Any CPU.ActiveCfg = Release|Any CPU
		{37B9DA3C-A9BF-482A-ACDD-54DE4F960EC2}.Release|Any CPU.Build.0 = Release|Any CPU
		{F3EE931E-3B09-4514-8496-ECFE68EDF8E8}.Debug|Any CPU.ActiveCfg = Debug|Any CPU
		{F3EE931E-3B09-4514-8496-ECFE68EDF8E8}.Debug|Any CPU.Build.0 = Debug|Any CPU
		{F3EE931E-3B09-4514-8496-ECFE68EDF8E8}.Release|Any CPU.ActiveCfg = Release|Any CPU
		{F3EE931E-3B09-4514-8496-ECFE68EDF8E8}.Release|Any CPU.Build.0 = Release|Any CPU
		{F6412067-DDA4-4C62-9F28-B54D9EB24A93}.Debug|Any CPU.ActiveCfg = Debug|Any CPU
		{F6412067-DDA4-4C62-9F28-B54D9EB24A93}.Debug|Any CPU.Build.0 = Debug|Any CPU
		{F6412067-DDA4-4C62-9F28-B54D9EB24A93}.Release|Any CPU.ActiveCfg = Release|Any CPU
		{F6412067-DDA4-4C62-9F28-B54D9EB24A93}.Release|Any CPU.Build.0 = Release|Any CPU
	EndGlobalSection
	GlobalSection(SolutionProperties) = preSolution
		HideSolutionNode = FALSE
	EndGlobalSection
	GlobalSection(ExtensibilityGlobals) = postSolution
		SolutionGuid = {1F219808-E6E8-4C1D-B846-41F2F7CF20FA}
	EndGlobalSection
EndGlobal
